
Microsoft Visual Studio Solution File, Format Version 12.00
# Visual Studio Version 17
VisualStudioVersion = 17.4.33213.308
MinimumVisualStudioVersion = 10.0.40219.1
Project("{9A19103F-16F7-4668-BE54-9A1E7A4F7556}") = "Core", "Core\Core.csproj", "{00665244-7DA0-40FA-BDA5-D69111B19902}"
EndProject
Project("{9A19103F-16F7-4668-BE54-9A1E7A4F7556}") = "Api", "Api\Api.csproj", "{80C218D0-493C-4155-966D-AF6BF47EC999}"
EndProject
Project("{9A19103F-16F7-4668-BE54-9A1E7A4F7556}") = "Persistence", "Persistence\Persistence.csproj", "{74A2CC60-EA90-4FA6-97FE-981519134C77}"
EndProject
Project("{9A19103F-16F7-4668-BE54-9A1E7A4F7556}") = "Service", "Service\Service.csproj", "{2AF83625-6A0B-466E-8B76-01A2F8B6AE3F}"
EndProject
Project("{9A19103F-16F7-4668-BE54-9A1E7A4F7556}") = "Core.Test", "Core.Test\Core.Test.csproj", "{B0AD59C7-A717-4AC1-A5FE-B809BC8AC6F0}"
EndProject
Project("{9A19103F-16F7-4668-BE54-9A1E7A4F7556}") = "Service.Test", "Service.Test1\Service.Test.csproj", "{FE568785-3D79-4473-9797-704F8975C671}"
EndProject
Project("{9A19103F-16F7-4668-BE54-9A1E7A4F7556}") = "ConsoleFillDatabase", "ConsoleFillDatabase\ConsoleFillDatabase.csproj", "{B5EF9588-7385-4BED-8F44-A2E915EF7AB3}"
EndProject
Project("{FAE04EC0-301F-11D3-BF4B-00C04F79EFBC}") = "EntityFramework.LargeBlobs", "EntityFramework.LargeBlobs\EntityFramework.LargeBlobs.csproj", "{2DF2437F-FCEA-498B-9C92-E2694DED857F}"
EndProject
Global
	GlobalSection(SolutionConfigurationPlatforms) = preSolution
		Debug|Any CPU = Debug|Any CPU
		Release|Any CPU = Release|Any CPU
	EndGlobalSection
	GlobalSection(ProjectConfigurationPlatforms) = postSolution
		{00665244-7DA0-40FA-BDA5-D69111B19902}.Debug|Any CPU.ActiveCfg = Debug|Any CPU
		{00665244-7DA0-40FA-BDA5-D69111B19902}.Debug|Any CPU.Build.0 = Debug|Any CPU
		{00665244-7DA0-40FA-BDA5-D69111B19902}.Release|Any CPU.ActiveCfg = Release|Any CPU
		{00665244-7DA0-40FA-BDA5-D69111B19902}.Release|Any CPU.Build.0 = Release|Any CPU
		{80C218D0-493C-4155-966D-AF6BF47EC999}.Debug|Any CPU.ActiveCfg = Debug|Any CPU
		{80C218D0-493C-4155-966D-AF6BF47EC999}.Debug|Any CPU.Build.0 = Debug|Any CPU
		{80C218D0-493C-4155-966D-AF6BF47EC999}.Release|Any CPU.ActiveCfg = Release|Any CPU
		{80C218D0-493C-4155-966D-AF6BF47EC999}.Release|Any CPU.Build.0 = Release|Any CPU
		{74A2CC60-EA90-4FA6-97FE-981519134C77}.Debug|Any CPU.ActiveCfg = Debug|Any CPU
		{74A2CC60-EA90-4FA6-97FE-981519134C77}.Debug|Any CPU.Build.0 = Debug|Any CPU
		{74A2CC60-EA90-4FA6-97FE-981519134C77}.Release|Any CPU.ActiveCfg = Release|Any CPU
		{74A2CC60-EA90-4FA6-97FE-981519134C77}.Release|Any CPU.Build.0 = Release|Any CPU
		{2AF83625-6A0B-466E-8B76-01A2F8B6AE3F}.Debug|Any CPU.ActiveCfg = Debug|Any CPU
		{2AF83625-6A0B-466E-8B76-01A2F8B6AE3F}.Debug|Any CPU.Build.0 = Debug|Any CPU
		{2AF83625-6A0B-466E-8B76-01A2F8B6AE3F}.Release|Any CPU.ActiveCfg = Release|Any CPU
		{2AF83625-6A0B-466E-8B76-01A2F8B6AE3F}.Release|Any CPU.Build.0 = Release|Any CPU
		{B0AD59C7-A717-4AC1-A5FE-B809BC8AC6F0}.Debug|Any CPU.ActiveCfg = Debug|Any CPU
		{B0AD59C7-A717-4AC1-A5FE-B809BC8AC6F0}.Debug|Any CPU.Build.0 = Debug|Any CPU
		{B0AD59C7-A717-4AC1-A5FE-B809BC8AC6F0}.Release|Any CPU.ActiveCfg = Release|Any CPU
		{B0AD59C7-A717-4AC1-A5FE-B809BC8AC6F0}.Release|Any CPU.Build.0 = Release|Any CPU
		{FE568785-3D79-4473-9797-704F8975C671}.Debug|Any CPU.ActiveCfg = Debug|Any CPU
		{FE568785-3D79-4473-9797-704F8975C671}.Debug|Any CPU.Build.0 = Debug|Any CPU
		{FE568785-3D79-4473-9797-704F8975C671}.Release|Any CPU.ActiveCfg = Release|Any CPU
		{FE568785-3D79-4473-9797-704F8975C671}.Release|Any CPU.Build.0 = Release|Any CPU
		{B5EF9588-7385-4BED-8F44-A2E915EF7AB3}.Debug|Any CPU.ActiveCfg = Debug|Any CPU
		{B5EF9588-7385-4BED-8F44-A2E915EF7AB3}.Debug|Any CPU.Build.0 = Debug|Any CPU
		{B5EF9588-7385-4BED-8F44-A2E915EF7AB3}.Release|Any CPU.ActiveCfg = Release|Any CPU
		{B5EF9588-7385-4BED-8F44-A2E915EF7AB3}.Release|Any CPU.Build.0 = Release|Any CPU
		{2DF2437F-FCEA-498B-9C92-E2694DED857F}.Debug|Any CPU.ActiveCfg = Debug|Any CPU
		{2DF2437F-FCEA-498B-9C92-E2694DED857F}.Debug|Any CPU.Build.0 = Debug|Any CPU
		{2DF2437F-FCEA-498B-9C92-E2694DED857F}.Release|Any CPU.ActiveCfg = Release|Any CPU
		{2DF2437F-FCEA-498B-9C92-E2694DED857F}.Release|Any CPU.Build.0 = Release|Any CPU
	EndGlobalSection
	GlobalSection(SolutionProperties) = preSolution
		HideSolutionNode = FALSE
	EndGlobalSection
	GlobalSection(ExtensibilityGlobals) = postSolution
		SolutionGuid = {35064040-C36B-4E11-87C8-DA442B0BC28A}
	EndGlobalSection
EndGlobal
